// !$*UTF8*$!
{
	archiveVersion = 1;
	classes = {
	};
	objectVersion = 50;
	objects = {

/* Begin PBXBuildFile section */
		032FED5B2459EADF001E4905 /* AppDelegate.swift in Sources */ = {isa = PBXBuildFile; fileRef = 032FED5A2459EADF001E4905 /* AppDelegate.swift */; };
		032FED5D2459EADF001E4905 /* SceneDelegate.swift in Sources */ = {isa = PBXBuildFile; fileRef = 032FED5C2459EADF001E4905 /* SceneDelegate.swift */; };
		032FED5F2459EADF001E4905 /* ViewController.swift in Sources */ = {isa = PBXBuildFile; fileRef = 032FED5E2459EADF001E4905 /* ViewController.swift */; };
		032FED642459EAE2001E4905 /* Assets.xcassets in Resources */ = {isa = PBXBuildFile; fileRef = 032FED632459EAE2001E4905 /* Assets.xcassets */; };
		032FED672459EAE2001E4905 /* LaunchScreen.storyboard in Resources */ = {isa = PBXBuildFile; fileRef = 032FED652459EAE2001E4905 /* LaunchScreen.storyboard */; };
		D014A7BD2459F1B000057D23 /* UIColorExtensions.swift in Sources */ = {isa = PBXBuildFile; fileRef = D014A7BC2459F1B000057D23 /* UIColorExtensions.swift */; };
		D014A7C02459F36F00057D23 /* ReusableView.swift in Sources */ = {isa = PBXBuildFile; fileRef = D014A7BF2459F36F00057D23 /* ReusableView.swift */; };
		D014A7C22459F43700057D23 /* Cartfile in Resources */ = {isa = PBXBuildFile; fileRef = D014A7C12459F43700057D23 /* Cartfile */; };
		D014A7C42459F44600057D23 /* README.md in Resources */ = {isa = PBXBuildFile; fileRef = D014A7C32459F44600057D23 /* README.md */; };
/* End PBXBuildFile section */

/* Begin PBXFileReference section */
		032FED572459EADF001E4905 /* stop_smoking.app */ = {isa = PBXFileReference; explicitFileType = wrapper.application; includeInIndex = 0; path = stop_smoking.app; sourceTree = BUILT_PRODUCTS_DIR; };
		032FED5A2459EADF001E4905 /* AppDelegate.swift */ = {isa = PBXFileReference; lastKnownFileType = sourcecode.swift; path = AppDelegate.swift; sourceTree = "<group>"; };
		032FED5C2459EADF001E4905 /* SceneDelegate.swift */ = {isa = PBXFileReference; lastKnownFileType = sourcecode.swift; path = SceneDelegate.swift; sourceTree = "<group>"; };
		032FED5E2459EADF001E4905 /* ViewController.swift */ = {isa = PBXFileReference; lastKnownFileType = sourcecode.swift; path = ViewController.swift; sourceTree = "<group>"; };
		032FED632459EAE2001E4905 /* Assets.xcassets */ = {isa = PBXFileReference; lastKnownFileType = folder.assetcatalog; path = Assets.xcassets; sourceTree = "<group>"; };
		032FED662459EAE2001E4905 /* Base */ = {isa = PBXFileReference; lastKnownFileType = file.storyboard; name = Base; path = Base.lproj/LaunchScreen.storyboard; sourceTree = "<group>"; };
		032FED682459EAE2001E4905 /* Info.plist */ = {isa = PBXFileReference; lastKnownFileType = text.plist.xml; path = Info.plist; sourceTree = "<group>"; };
		D014A7BC2459F1B000057D23 /* UIColorExtensions.swift */ = {isa = PBXFileReference; lastKnownFileType = sourcecode.swift; path = UIColorExtensions.swift; sourceTree = "<group>"; };
		D014A7BF2459F36F00057D23 /* ReusableView.swift */ = {isa = PBXFileReference; lastKnownFileType = sourcecode.swift; path = ReusableView.swift; sourceTree = "<group>"; };
		D014A7C12459F43700057D23 /* Cartfile */ = {isa = PBXFileReference; fileEncoding = 4; lastKnownFileType = text; path = Cartfile; sourceTree = "<group>"; };
		D014A7C32459F44600057D23 /* README.md */ = {isa = PBXFileReference; fileEncoding = 4; lastKnownFileType = net.daringfireball.markdown; path = README.md; sourceTree = "<group>"; };
/* End PBXFileReference section */

/* Begin PBXFrameworksBuildPhase section */
		032FED542459EADF001E4905 /* Frameworks */ = {
			isa = PBXFrameworksBuildPhase;
			buildActionMask = 2147483647;
			files = (
			);
			runOnlyForDeploymentPostprocessing = 0;
		};
/* End PBXFrameworksBuildPhase section */

/* Begin PBXGroup section */
		032FED4E2459EADF001E4905 = {
			isa = PBXGroup;
			children = (
				D014A7C32459F44600057D23 /* README.md */,
				D014A7C12459F43700057D23 /* Cartfile */,
				032FED592459EADF001E4905 /* stop_smoking */,
				032FED582459EADF001E4905 /* Products */,
			);
			sourceTree = "<group>";
		};
		032FED582459EADF001E4905 /* Products */ = {
			isa = PBXGroup;
			children = (
				032FED572459EADF001E4905 /* stop_smoking.app */,
			);
			name = Products;
			sourceTree = "<group>";
		};
		032FED592459EADF001E4905 /* stop_smoking */ = {
			isa = PBXGroup;
			children = (
				D014A7BA2459F18A00057D23 /* Additions */,
				032FED8C2459EC71001E4905 /* Screens */,
				032FED8A2459EBA5001E4905 /* Application */,
			);
			path = stop_smoking;
			sourceTree = "<group>";
		};
		032FED8A2459EBA5001E4905 /* Application */ = {
			isa = PBXGroup;
			children = (
				032FED5A2459EADF001E4905 /* AppDelegate.swift */,
				032FED5C2459EADF001E4905 /* SceneDelegate.swift */,
				032FED8B2459EBBB001E4905 /* Supporting Files */,
			);
			path = Application;
			sourceTree = "<group>";
		};
		032FED8B2459EBBB001E4905 /* Supporting Files */ = {
			isa = PBXGroup;
			children = (
				032FED632459EAE2001E4905 /* Assets.xcassets */,
				032FED652459EAE2001E4905 /* LaunchScreen.storyboard */,
				032FED682459EAE2001E4905 /* Info.plist */,
			);
			path = "Supporting Files";
			sourceTree = "<group>";
		};
		032FED8C2459EC71001E4905 /* Screens */ = {
			isa = PBXGroup;
			children = (
				032FED8D2459EC7B001E4905 /* Home */,
			);
			path = Screens;
			sourceTree = "<group>";
		};
		032FED8D2459EC7B001E4905 /* Home */ = {
			isa = PBXGroup;
			children = (
				032FED5E2459EADF001E4905 /* ViewController.swift */,
			);
			path = Home;
			sourceTree = "<group>";
		};
		D014A7BA2459F18A00057D23 /* Additions */ = {
			isa = PBXGroup;
			children = (
				D014A7BE2459F36100057D23 /* Protocols */,
				D014A7BB2459F19000057D23 /* Extensions */,
			);
			path = Additions;
			sourceTree = "<group>";
		};
		D014A7BB2459F19000057D23 /* Extensions */ = {
			isa = PBXGroup;
			children = (
				D014A7BC2459F1B000057D23 /* UIColorExtensions.swift */,
			);
			path = Extensions;
			sourceTree = "<group>";
		};
		D014A7BE2459F36100057D23 /* Protocols */ = {
			isa = PBXGroup;
			children = (
				D014A7BF2459F36F00057D23 /* ReusableView.swift */,
			);
			path = Protocols;
			sourceTree = "<group>";
		};
/* End PBXGroup section */

/* Begin PBXNativeTarget section */
		032FED562459EADF001E4905 /* stop_smoking */ = {
			isa = PBXNativeTarget;
			buildConfigurationList = 032FED812459EAE3001E4905 /* Build configuration list for PBXNativeTarget "stop_smoking" */;
			buildPhases = (
				D014A7C52459F4BF00057D23 /* Carthage Script */,
				032FED532459EADF001E4905 /* Sources */,
				032FED542459EADF001E4905 /* Frameworks */,
				032FED552459EADF001E4905 /* Resources */,
			);
			buildRules = (
			);
			dependencies = (
			);
			name = stop_smoking;
			productName = stop_smoking;
			productReference = 032FED572459EADF001E4905 /* stop_smoking.app */;
			productType = "com.apple.product-type.application";
		};
/* End PBXNativeTarget section */

/* Begin PBXProject section */
		032FED4F2459EADF001E4905 /* Project object */ = {
			isa = PBXProject;
			attributes = {
				LastSwiftUpdateCheck = 1140;
				LastUpgradeCheck = 1140;
				ORGANIZATIONNAME = "Nicolas Barbosa";
				TargetAttributes = {
					032FED562459EADF001E4905 = {
						CreatedOnToolsVersion = 11.4.1;
					};
				};
			};
			buildConfigurationList = 032FED522459EADF001E4905 /* Build configuration list for PBXProject "stop_smoking" */;
			compatibilityVersion = "Xcode 9.3";
			developmentRegion = en;
			hasScannedForEncodings = 0;
			knownRegions = (
				en,
				Base,
			);
			mainGroup = 032FED4E2459EADF001E4905;
			productRefGroup = 032FED582459EADF001E4905 /* Products */;
			projectDirPath = "";
			projectRoot = "";
			targets = (
				032FED562459EADF001E4905 /* stop_smoking */,
			);
		};
/* End PBXProject section */

/* Begin PBXResourcesBuildPhase section */
		032FED552459EADF001E4905 /* Resources */ = {
			isa = PBXResourcesBuildPhase;
			buildActionMask = 2147483647;
			files = (
				D014A7C22459F43700057D23 /* Cartfile in Resources */,
				032FED672459EAE2001E4905 /* LaunchScreen.storyboard in Resources */,
				D014A7C42459F44600057D23 /* README.md in Resources */,
				032FED642459EAE2001E4905 /* Assets.xcassets in Resources */,
			);
			runOnlyForDeploymentPostprocessing = 0;
		};
/* End PBXResourcesBuildPhase section */

/* Begin PBXShellScriptBuildPhase section */
		D014A7C52459F4BF00057D23 /* Carthage Script */ = {
			isa = PBXShellScriptBuildPhase;
			buildActionMask = 2147483647;
			files = (
			);
			inputFileListPaths = (
			);
			inputPaths = (
				"$(SRCROOT)/Carthage/Build/iOS/RxSwift.framework",
				"$(SRCROOT)/Carthage/Build/iOS/RxCocoa.framework",
				"$(SRCROOT)/Carthage/Build/iOS/RxRelay.framework",
			);
			name = "Carthage Script";
			outputFileListPaths = (
			);
			outputPaths = (
			);
			runOnlyForDeploymentPostprocessing = 0;
			shellPath = /bin/sh;
			shellScript = "/usr/local/bin/carthage copy-frameworks\n";
		};
/* End PBXShellScriptBuildPhase section */

/* Begin PBXSourcesBuildPhase section */
		032FED532459EADF001E4905 /* Sources */ = {
			isa = PBXSourcesBuildPhase;
			buildActionMask = 2147483647;
			files = (
				032FED5F2459EADF001E4905 /* ViewController.swift in Sources */,
				D014A7C02459F36F00057D23 /* ReusableView.swift in Sources */,
				032FED5B2459EADF001E4905 /* AppDelegate.swift in Sources */,
				032FED5D2459EADF001E4905 /* SceneDelegate.swift in Sources */,
				D014A7BD2459F1B000057D23 /* UIColorExtensions.swift in Sources */,
			);
			runOnlyForDeploymentPostprocessing = 0;
		};
/* End PBXSourcesBuildPhase section */

/* Begin PBXVariantGroup section */
		032FED652459EAE2001E4905 /* LaunchScreen.storyboard */ = {
			isa = PBXVariantGroup;
			children = (
				032FED662459EAE2001E4905 /* Base */,
			);
			name = LaunchScreen.storyboard;
			sourceTree = "<group>";
		};
/* End PBXVariantGroup section */

/* Begin XCBuildConfiguration section */
		032FED7F2459EAE3001E4905 /* Debug */ = {
			isa = XCBuildConfiguration;
			buildSettings = {
				ALWAYS_SEARCH_USER_PATHS = NO;
				CLANG_ANALYZER_NONNULL = YES;
				CLANG_ANALYZER_NUMBER_OBJECT_CONVERSION = YES_AGGRESSIVE;
				CLANG_CXX_LANGUAGE_STANDARD = "gnu++14";
				CLANG_CXX_LIBRARY = "libc++";
				CLANG_ENABLE_MODULES = YES;
				CLANG_ENABLE_OBJC_ARC = YES;
				CLANG_ENABLE_OBJC_WEAK = YES;
				CLANG_WARN_BLOCK_CAPTURE_AUTORELEASING = YES;
				CLANG_WARN_BOOL_CONVERSION = YES;
				CLANG_WARN_COMMA = YES;
				CLANG_WARN_CONSTANT_CONVERSION = YES;
				CLANG_WARN_DEPRECATED_OBJC_IMPLEMENTATIONS = YES;
				CLANG_WARN_DIRECT_OBJC_ISA_USAGE = YES_ERROR;
				CLANG_WARN_DOCUMENTATION_COMMENTS = YES;
				CLANG_WARN_EMPTY_BODY = YES;
				CLANG_WARN_ENUM_CONVERSION = YES;
				CLANG_WARN_INFINITE_RECURSION = YES;
				CLANG_WARN_INT_CONVERSION = YES;
				CLANG_WARN_NON_LITERAL_NULL_CONVERSION = YES;
				CLANG_WARN_OBJC_IMPLICIT_RETAIN_SELF = YES;
				CLANG_WARN_OBJC_LITERAL_CONVERSION = YES;
				CLANG_WARN_OBJC_ROOT_CLASS = YES_ERROR;
				CLANG_WARN_RANGE_LOOP_ANALYSIS = YES;
				CLANG_WARN_STRICT_PROTOTYPES = YES;
				CLANG_WARN_SUSPICIOUS_MOVE = YES;
				CLANG_WARN_UNGUARDED_AVAILABILITY = YES_AGGRESSIVE;
				CLANG_WARN_UNREACHABLE_CODE = YES;
				CLANG_WARN__DUPLICATE_METHOD_MATCH = YES;
				COPY_PHASE_STRIP = NO;
				DEBUG_INFORMATION_FORMAT = dwarf;
				ENABLE_STRICT_OBJC_MSGSEND = YES;
				ENABLE_TESTABILITY = YES;
				GCC_C_LANGUAGE_STANDARD = gnu11;
				GCC_DYNAMIC_NO_PIC = NO;
				GCC_NO_COMMON_BLOCKS = YES;
				GCC_OPTIMIZATION_LEVEL = 0;
				GCC_PREPROCESSOR_DEFINITIONS = (
					"DEBUG=1",
					"$(inherited)",
				);
				GCC_WARN_64_TO_32_BIT_CONVERSION = YES;
				GCC_WARN_ABOUT_RETURN_TYPE = YES_ERROR;
				GCC_WARN_UNDECLARED_SELECTOR = YES;
				GCC_WARN_UNINITIALIZED_AUTOS = YES_AGGRESSIVE;
				GCC_WARN_UNUSED_FUNCTION = YES;
				GCC_WARN_UNUSED_VARIABLE = YES;
				IPHONEOS_DEPLOYMENT_TARGET = 13.4;
				MTL_ENABLE_DEBUG_INFO = INCLUDE_SOURCE;
				MTL_FAST_MATH = YES;
				ONLY_ACTIVE_ARCH = YES;
				SDKROOT = iphoneos;
				SWIFT_ACTIVE_COMPILATION_CONDITIONS = DEBUG;
				SWIFT_OPTIMIZATION_LEVEL = "-Onone";
			};
			name = Debug;
		};
		032FED802459EAE3001E4905 /* Release */ = {
			isa = XCBuildConfiguration;
			buildSettings = {
				ALWAYS_SEARCH_USER_PATHS = NO;
				CLANG_ANALYZER_NONNULL = YES;
				CLANG_ANALYZER_NUMBER_OBJECT_CONVERSION = YES_AGGRESSIVE;
				CLANG_CXX_LANGUAGE_STANDARD = "gnu++14";
				CLANG_CXX_LIBRARY = "libc++";
				CLANG_ENABLE_MODULES = YES;
				CLANG_ENABLE_OBJC_ARC = YES;
				CLANG_ENABLE_OBJC_WEAK = YES;
				CLANG_WARN_BLOCK_CAPTURE_AUTORELEASING = YES;
				CLANG_WARN_BOOL_CONVERSION = YES;
				CLANG_WARN_COMMA = YES;
				CLANG_WARN_CONSTANT_CONVERSION = YES;
				CLANG_WARN_DEPRECATED_OBJC_IMPLEMENTATIONS = YES;
				CLANG_WARN_DIRECT_OBJC_ISA_USAGE = YES_ERROR;
				CLANG_WARN_DOCUMENTATION_COMMENTS = YES;
				CLANG_WARN_EMPTY_BODY = YES;
				CLANG_WARN_ENUM_CONVERSION = YES;
				CLANG_WARN_INFINITE_RECURSION = YES;
				CLANG_WARN_INT_CONVERSION = YES;
				CLANG_WARN_NON_LITERAL_NULL_CONVERSION = YES;
				CLANG_WARN_OBJC_IMPLICIT_RETAIN_SELF = YES;
				CLANG_WARN_OBJC_LITERAL_CONVERSION = YES;
				CLANG_WARN_OBJC_ROOT_CLASS = YES_ERROR;
				CLANG_WARN_RANGE_LOOP_ANALYSIS = YES;
				CLANG_WARN_STRICT_PROTOTYPES = YES;
				CLANG_WARN_SUSPICIOUS_MOVE = YES;
				CLANG_WARN_UNGUARDED_AVAILABILITY = YES_AGGRESSIVE;
				CLANG_WARN_UNREACHABLE_CODE = YES;
				CLANG_WARN__DUPLICATE_METHOD_MATCH = YES;
				COPY_PHASE_STRIP = NO;
				DEBUG_INFORMATION_FORMAT = "dwarf-with-dsym";
				ENABLE_NS_ASSERTIONS = NO;
				ENABLE_STRICT_OBJC_MSGSEND = YES;
				GCC_C_LANGUAGE_STANDARD = gnu11;
				GCC_NO_COMMON_BLOCKS = YES;
				GCC_WARN_64_TO_32_BIT_CONVERSION = YES;
				GCC_WARN_ABOUT_RETURN_TYPE = YES_ERROR;
				GCC_WARN_UNDECLARED_SELECTOR = YES;
				GCC_WARN_UNINITIALIZED_AUTOS = YES_AGGRESSIVE;
				GCC_WARN_UNUSED_FUNCTION = YES;
				GCC_WARN_UNUSED_VARIABLE = YES;
				IPHONEOS_DEPLOYMENT_TARGET = 13.4;
				MTL_ENABLE_DEBUG_INFO = NO;
				MTL_FAST_MATH = YES;
				SDKROOT = iphoneos;
				SWIFT_COMPILATION_MODE = wholemodule;
				SWIFT_OPTIMIZATION_LEVEL = "-O";
				VALIDATE_PRODUCT = YES;
			};
			name = Release;
		};
		032FED822459EAE3001E4905 /* Debug */ = {
			isa = XCBuildConfiguration;
			buildSettings = {
				ASSETCATALOG_COMPILER_APPICON_NAME = AppIcon;
				CODE_SIGN_STYLE = Automatic;
				DEVELOPMENT_TEAM = 5DDBZ7D32L;
				INFOPLIST_FILE = "stop_smoking/Application/Supporting Files/Info.plist";
				IPHONEOS_DEPLOYMENT_TARGET = 13.0;
				LD_RUNPATH_SEARCH_PATHS = (
					"$(inherited)",
					"@executable_path/Frameworks",
				);
				PRODUCT_BUNDLE_IDENTIFIER = "com.nico.stop-smoking";
				PRODUCT_NAME = "$(TARGET_NAME)";
				SWIFT_VERSION = 5.0;
				TARGETED_DEVICE_FAMILY = "1,2";
			};
			name = Debug;
		};
		032FED832459EAE3001E4905 /* Release */ = {
			isa = XCBuildConfiguration;
			buildSettings = {
				ASSETCATALOG_COMPILER_APPICON_NAME = AppIcon;
				CODE_SIGN_STYLE = Automatic;
				DEVELOPMENT_TEAM = 5DDBZ7D32L;
				INFOPLIST_FILE = "stop_smoking/Application/Supporting Files/Info.plist";
				IPHONEOS_DEPLOYMENT_TARGET = 13.0;
				LD_RUNPATH_SEARCH_PATHS = (
					"$(inherited)",
					"@executable_path/Frameworks",
				);
				PRODUCT_BUNDLE_IDENTIFIER = "com.nico.stop-smoking";
				PRODUCT_NAME = "$(TARGET_NAME)";
				SWIFT_VERSION = 5.0;
				TARGETED_DEVICE_FAMILY = "1,2";
			};
			name = Release;
		};
/* End XCBuildConfiguration section */

/* Begin XCConfigurationList section */
		032FED522459EADF001E4905 /* Build configuration list for PBXProject "stop_smoking" */ = {
			isa = XCConfigurationList;
			buildConfigurations = (
				032FED7F2459EAE3001E4905 /* Debug */,
				032FED802459EAE3001E4905 /* Release */,
			);
			defaultConfigurationIsVisible = 0;
			defaultConfigurationName = Release;
		};
		032FED812459EAE3001E4905 /* Build configuration list for PBXNativeTarget "stop_smoking" */ = {
			isa = XCConfigurationList;
			buildConfigurations = (
				032FED822459EAE3001E4905 /* Debug */,
				032FED832459EAE3001E4905 /* Release */,
			);
			defaultConfigurationIsVisible = 0;
			defaultConfigurationName = Release;
		};
/* End XCConfigurationList section */
	};
	rootObject = 032FED4F2459EADF001E4905 /* Project object */;
}
